
Microsoft Visual Studio Solution File, Format Version 12.00
# Visual Studio 15
VisualStudioVersion = 15.0.28307.1300
MinimumVisualStudioVersion = 10.0.40219.1
Project("{FAE04EC0-301F-11D3-BF4B-00C04F79EFBC}") = "Ex_ContaBancaria", "Ex_ContaBancaria\Ex_ContaBancaria.csproj", "{17B4643A-4989-4D76-8F4E-FAB8B28E601D}"
EndProject
Global
	GlobalSection(SolutionConfigurationPlatforms) = preSolution
		Debug|Any CPU = Debug|Any CPU
		Release|Any CPU = Release|Any CPU
	EndGlobalSection
	GlobalSection(ProjectConfigurationPlatforms) = postSolution
		{17B4643A-4989-4D76-8F4E-FAB8B28E601D}.Debug|Any CPU.ActiveCfg = Debug|Any CPU
		{17B4643A-4989-4D76-8F4E-FAB8B28E601D}.Debug|Any CPU.Build.0 = Debug|Any CPU
		{17B4643A-4989-4D76-8F4E-FAB8B28E601D}.Release|Any CPU.ActiveCfg = Release|Any CPU
		{17B4643A-4989-4D76-8F4E-FAB8B28E601D}.Release|Any CPU.Build.0 = Release|Any CPU
	EndGlobalSection
	GlobalSection(SolutionProperties) = preSolution
		HideSolutionNode = FALSE
	EndGlobalSection
	GlobalSection(ExtensibilityGlobals) = postSolution
		SolutionGuid = {E3FB7316-BA09-4AD8-AB42-19FF6DA6FB67}
	EndGlobalSection
EndGlobal
